
Microsoft Visual Studio Solution File, Format Version 12.00
# Visual Studio Version 17
VisualStudioVersion = 17.6.33829.357
MinimumVisualStudioVersion = 10.0.40219.1
Project("{9A19103F-16F7-4668-BE54-9A1E7A4F7556}") = "WebApi", "WebApi\WebApi.csproj", "{B61C8554-FBCF-43BC-A803-73B9B52C1087}"
EndProject
Global
	GlobalSection(SolutionConfigurationPlatforms) = preSolution
		Debug|Any CPU = Debug|Any CPU
		Release|Any CPU = Release|Any CPU
	EndGlobalSection
	GlobalSection(ProjectConfigurationPlatforms) = postSolution
		{B61C8554-FBCF-43BC-A803-73B9B52C1087}.Debug|Any CPU.ActiveCfg = Debug|Any CPU
		{B61C8554-FBCF-43BC-A803-73B9B52C1087}.Debug|Any CPU.Build.0 = Debug|Any CPU
		{B61C8554-FBCF-43BC-A803-73B9B52C1087}.Release|Any CPU.ActiveCfg = Release|Any CPU
		{B61C8554-FBCF-43BC-A803-73B9B52C1087}.Release|Any CPU.Build.0 = Release|Any CPU
	EndGlobalSection
	GlobalSection(SolutionProperties) = preSolution
		HideSolutionNode = FALSE
	EndGlobalSection
	GlobalSection(ExtensibilityGlobals) = postSolution
		SolutionGuid = {FF3BBE40-8C3E-4C22-B46A-0FB685DDC56C}
	EndGlobalSection
EndGlobal
